
Microsoft Visual Studio Solution File, Format Version 12.00
# Visual Studio Version 17
VisualStudioVersion = 17.10.35122.118
MinimumVisualStudioVersion = 10.0.40219.1
Project("{9A19103F-16F7-4668-BE54-9A1E7A4F7556}") = "SPRView.Net", "SPRView.Net\SPRView.Net.csproj", "{017F2D82-F9AE-46EC-9587-11CDF711A9CF}"
EndProject
Project("{9A19103F-16F7-4668-BE54-9A1E7A4F7556}") = "SPRView.Net.Lib", "SPRView.Net.Lib\SPRView.Net.Lib.csproj", "{8749C490-FACC-4DB7-BA0E-A33CA52D4D86}"
EndProject
Project("{8BC9CEB8-8B4A-11D0-8D11-00A0C91BC942}") = "SPRView.Net.Win32.Thumbnail", "SPRView.Net.Win32.Thumbnail\SPRView.Net.Win32.Thumbnail.vcxproj", "{3F8AAAF0-7681-45BF-B1BA-74F89D6D8268}"
EndProject
Project("{FAE04EC0-301F-11D3-BF4B-00C04F79EFBC}") = "SPRView.Net.CLI", "SPRView.Net.CLI\SPRView.Net.CLI.csproj", "{C1A631E5-CFE9-423D-991C-D8839831CBCE}"
EndProject
Global
	GlobalSection(SolutionConfigurationPlatforms) = preSolution
		Debug|Any CPU = Debug|Any CPU
		Debug|x64 = Debug|x64
		Debug|x86 = Debug|x86
		Release|Any CPU = Release|Any CPU
		Release|x64 = Release|x64
		Release|x86 = Release|x86
	EndGlobalSection
	GlobalSection(ProjectConfigurationPlatforms) = postSolution
		{017F2D82-F9AE-46EC-9587-11CDF711A9CF}.Debug|Any CPU.ActiveCfg = Debug|Any CPU
		{017F2D82-F9AE-46EC-9587-11CDF711A9CF}.Debug|Any CPU.Build.0 = Debug|Any CPU
		{017F2D82-F9AE-46EC-9587-11CDF711A9CF}.Debug|x64.ActiveCfg = Debug|Any CPU
		{017F2D82-F9AE-46EC-9587-11CDF711A9CF}.Debug|x64.Build.0 = Debug|Any CPU
		{017F2D82-F9AE-46EC-9587-11CDF711A9CF}.Debug|x86.ActiveCfg = Debug|Any CPU
		{017F2D82-F9AE-46EC-9587-11CDF711A9CF}.Debug|x86.Build.0 = Debug|Any CPU
		{017F2D82-F9AE-46EC-9587-11CDF711A9CF}.Release|Any CPU.ActiveCfg = Release|Any CPU
		{017F2D82-F9AE-46EC-9587-11CDF711A9CF}.Release|Any CPU.Build.0 = Release|Any CPU
		{017F2D82-F9AE-46EC-9587-11CDF711A9CF}.Release|x64.ActiveCfg = Release|Any CPU
		{017F2D82-F9AE-46EC-9587-11CDF711A9CF}.Release|x64.Build.0 = Release|Any CPU
		{017F2D82-F9AE-46EC-9587-11CDF711A9CF}.Release|x86.ActiveCfg = Release|Any CPU
		{017F2D82-F9AE-46EC-9587-11CDF711A9CF}.Release|x86.Build.0 = Release|Any CPU
		{8749C490-FACC-4DB7-BA0E-A33CA52D4D86}.Debug|Any CPU.ActiveCfg = Debug|Any CPU
		{8749C490-FACC-4DB7-BA0E-A33CA52D4D86}.Debug|Any CPU.Build.0 = Debug|Any CPU
		{8749C490-FACC-4DB7-BA0E-A33CA52D4D86}.Debug|x64.ActiveCfg = Debug|Any CPU
		{8749C490-FACC-4DB7-BA0E-A33CA52D4D86}.Debug|x64.Build.0 = Debug|Any CPU
		{8749C490-FACC-4DB7-BA0E-A33CA52D4D86}.Debug|x86.ActiveCfg = Debug|Any CPU
		{8749C490-FACC-4DB7-BA0E-A33CA52D4D86}.Debug|x86.Build.0 = Debug|Any CPU
		{8749C490-FACC-4DB7-BA0E-A33CA52D4D86}.Release|Any CPU.ActiveCfg = Release|Any CPU
		{8749C490-FACC-4DB7-BA0E-A33CA52D4D86}.Release|Any CPU.Build.0 = Release|Any CPU
		{8749C490-FACC-4DB7-BA0E-A33CA52D4D86}.Release|x64.ActiveCfg = Release|Any CPU
		{8749C490-FACC-4DB7-BA0E-A33CA52D4D86}.Release|x64.Build.0 = Release|Any CPU
		{8749C490-FACC-4DB7-BA0E-A33CA52D4D86}.Release|x86.ActiveCfg = Release|Any CPU
		{8749C490-FACC-4DB7-BA0E-A33CA52D4D86}.Release|x86.Build.0 = Release|Any CPU
		{3F8AAAF0-7681-45BF-B1BA-74F89D6D8268}.Debug|Any CPU.ActiveCfg = Debug|x64
		{3F8AAAF0-7681-45BF-B1BA-74F89D6D8268}.Debug|Any CPU.Build.0 = Debug|x64
		{3F8AAAF0-7681-45BF-B1BA-74F89D6D8268}.Debug|x64.ActiveCfg = Debug|x64
		{3F8AAAF0-7681-45BF-B1BA-74F89D6D8268}.Debug|x64.Build.0 = Debug|x64
		{3F8AAAF0-7681-45BF-B1BA-74F89D6D8268}.Debug|x86.ActiveCfg = Debug|Win32
		{3F8AAAF0-7681-45BF-B1BA-74F89D6D8268}.Debug|x86.Build.0 = Debug|Win32
		{3F8AAAF0-7681-45BF-B1BA-74F89D6D8268}.Release|Any CPU.ActiveCfg = Release|x64
		{3F8AAAF0-7681-45BF-B1BA-74F89D6D8268}.Release|Any CPU.Build.0 = Release|x64
		{3F8AAAF0-7681-45BF-B1BA-74F89D6D8268}.Release|x64.ActiveCfg = Release|x64
		{3F8AAAF0-7681-45BF-B1BA-74F89D6D8268}.Release|x64.Build.0 = Release|x64
		{3F8AAAF0-7681-45BF-B1BA-74F89D6D8268}.Release|x86.ActiveCfg = Release|Win32
		{3F8AAAF0-7681-45BF-B1BA-74F89D6D8268}.Release|x86.Build.0 = Release|Win32
		{C1A631E5-CFE9-423D-991C-D8839831CBCE}.Debug|Any CPU.ActiveCfg = Debug|Any CPU
		{C1A631E5-CFE9-423D-991C-D8839831CBCE}.Debug|Any CPU.Build.0 = Debug|Any CPU
		{C1A631E5-CFE9-423D-991C-D8839831CBCE}.Debug|x64.ActiveCfg = Debug|Any CPU
		{C1A631E5-CFE9-423D-991C-D8839831CBCE}.Debug|x64.Build.0 = Debug|Any CPU
		{C1A631E5-CFE9-423D-991C-D8839831CBCE}.Debug|x86.ActiveCfg = Debug|Any CPU
		{C1A631E5-CFE9-423D-991C-D8839831CBCE}.Debug|x86.Build.0 = Debug|Any CPU
		{C1A631E5-CFE9-423D-991C-D8839831CBCE}.Release|Any CPU.ActiveCfg = Release|Any CPU
		{C1A631E5-CFE9-423D-991C-D8839831CBCE}.Release|Any CPU.Build.0 = Release|Any CPU
		{C1A631E5-CFE9-423D-991C-D8839831CBCE}.Release|x64.ActiveCfg = Release|Any CPU
		{C1A631E5-CFE9-423D-991C-D8839831CBCE}.Release|x64.Build.0 = Release|Any CPU
		{C1A631E5-CFE9-423D-991C-D8839831CBCE}.Release|x86.ActiveCfg = Release|Any CPU
		{C1A631E5-CFE9-423D-991C-D8839831CBCE}.Release|x86.Build.0 = Release|Any CPU
	EndGlobalSection
	GlobalSection(SolutionProperties) = preSolution
		HideSolutionNode = FALSE
	EndGlobalSection
	GlobalSection(ExtensibilityGlobals) = postSolution
		SolutionGuid = {5C63DB01-4720-4561-91C9-B0F40D8A94F7}
	EndGlobalSection
EndGlobal
