<Solution>
  <Folder Name="/src/">
    <Project Path="src/SPRView.Net.CLI/SPRView.Net.CLI.csproj" />
    <Project Path="src/SPRView.Net.Core/SPRView.Net.Core.csproj" />
    <Project Path="src/SPRView.Net.Thumbnailer/SPRView.Net.Thumbnailer.csproj" />
    <Project Path="src/SPRView.Net/SPRView.Net.csproj" />
  </Folder>
  <Folder Name="/tools/">
    <Project Path="tools/UiSnapshot/UiSnapshot.csproj" />
  </Folder>
</Solution>
